// !$*UTF8*$!
{
	archiveVersion = 1;
	classes = {
	};
	objectVersion = 46;
	objects = {

/* Begin PBXBuildFile section */
		F1834D5C1CBF4BED00BD3BA2 /* main.cpp in Sources */ = {isa = PBXBuildFile; fileRef = F1834D5B1CBF4BED00BD3BA2 /* main.cpp */; };
		F1D86FE61D70A2250091E2F4 /* Solution.cpp in Sources */ = {isa = PBXBuildFile; fileRef = F1D86FE41D70A2250091E2F4 /* Solution.cpp */; };
		F1D86FF41D70A38A0091E2F4 /* HeapSort.cpp in Sources */ = {isa = PBXBuildFile; fileRef = F1D86FEA1D70A38A0091E2F4 /* HeapSort.cpp */; };
		F1D86FF51D70A38A0091E2F4 /* QuickSort.cpp in Sources */ = {isa = PBXBuildFile; fileRef = F1D86FEC1D70A38A0091E2F4 /* QuickSort.cpp */; };
		F1D86FF61D70A38A0091E2F4 /* ShellSort.cpp in Sources */ = {isa = PBXBuildFile; fileRef = F1D86FEE1D70A38A0091E2F4 /* ShellSort.cpp */; };
		F1D86FF71D70A38A0091E2F4 /* SimpleSelectionSort.cpp in Sources */ = {isa = PBXBuildFile; fileRef = F1D86FF01D70A38A0091E2F4 /* SimpleSelectionSort.cpp */; };
		F1D86FF81D70A38A0091E2F4 /* StraightInsertionSort.cpp in Sources */ = {isa = PBXBuildFile; fileRef = F1D86FF21D70A38A0091E2F4 /* StraightInsertionSort.cpp */; };
/* End PBXBuildFile section */

/* Begin PBXCopyFilesBuildPhase section */
		F1834D561CBF4BED00BD3BA2 /* CopyFiles */ = {
			isa = PBXCopyFilesBuildPhase;
			buildActionMask = 2147483647;
			dstPath = /usr/share/man/man1/;
			dstSubfolderSpec = 0;
			files = (
			);
			runOnlyForDeploymentPostprocessing = 1;
		};
/* End PBXCopyFilesBuildPhase section */

/* Begin PBXFileReference section */
		F1834D581CBF4BED00BD3BA2 /* Test_Algorithm */ = {isa = PBXFileReference; explicitFileType = "compiled.mach-o.executable"; includeInIndex = 0; path = Test_Algorithm; sourceTree = BUILT_PRODUCTS_DIR; };
		F1834D5B1CBF4BED00BD3BA2 /* main.cpp */ = {isa = PBXFileReference; lastKnownFileType = sourcecode.cpp.cpp; path = main.cpp; sourceTree = "<group>"; };
		F1D86FE41D70A2250091E2F4 /* Solution.cpp */ = {isa = PBXFileReference; fileEncoding = 4; lastKnownFileType = sourcecode.cpp.cpp; name = Solution.cpp; path = Solution/Solution.cpp; sourceTree = "<group>"; };
		F1D86FE51D70A2250091E2F4 /* Solution.h */ = {isa = PBXFileReference; fileEncoding = 4; lastKnownFileType = sourcecode.c.h; name = Solution.h; path = Solution/Solution.h; sourceTree = "<group>"; };
		F1D86FEA1D70A38A0091E2F4 /* HeapSort.cpp */ = {isa = PBXFileReference; fileEncoding = 4; lastKnownFileType = sourcecode.cpp.cpp; name = HeapSort.cpp; path = Sort/HeapSort.cpp; sourceTree = "<group>"; };
		F1D86FEB1D70A38A0091E2F4 /* HeapSort.h */ = {isa = PBXFileReference; fileEncoding = 4; lastKnownFileType = sourcecode.c.h; name = HeapSort.h; path = Sort/HeapSort.h; sourceTree = "<group>"; };
		F1D86FEC1D70A38A0091E2F4 /* QuickSort.cpp */ = {isa = PBXFileReference; fileEncoding = 4; lastKnownFileType = sourcecode.cpp.cpp; name = QuickSort.cpp; path = Sort/QuickSort.cpp; sourceTree = "<group>"; };
		F1D86FED1D70A38A0091E2F4 /* QuickSort.h */ = {isa = PBXFileReference; fileEncoding = 4; lastKnownFileType = sourcecode.c.h; name = QuickSort.h; path = Sort/QuickSort.h; sourceTree = "<group>"; };
		F1D86FEE1D70A38A0091E2F4 /* ShellSort.cpp */ = {isa = PBXFileReference; fileEncoding = 4; lastKnownFileType = sourcecode.cpp.cpp; name = ShellSort.cpp; path = Sort/ShellSort.cpp; sourceTree = "<group>"; };
		F1D86FEF1D70A38A0091E2F4 /* ShellSort.h */ = {isa = PBXFileReference; fileEncoding = 4; lastKnownFileType = sourcecode.c.h; name = ShellSort.h; path = Sort/ShellSort.h; sourceTree = "<group>"; };
		F1D86FF01D70A38A0091E2F4 /* SimpleSelectionSort.cpp */ = {isa = PBXFileReference; fileEncoding = 4; lastKnownFileType = sourcecode.cpp.cpp; name = SimpleSelectionSort.cpp; path = Sort/SimpleSelectionSort.cpp; sourceTree = "<group>"; };
		F1D86FF11D70A38A0091E2F4 /* SimpleSelectionSort.h */ = {isa = PBXFileReference; fileEncoding = 4; lastKnownFileType = sourcecode.c.h; name = SimpleSelectionSort.h; path = Sort/SimpleSelectionSort.h; sourceTree = "<group>"; };
		F1D86FF21D70A38A0091E2F4 /* StraightInsertionSort.cpp */ = {isa = PBXFileReference; fileEncoding = 4; lastKnownFileType = sourcecode.cpp.cpp; name = StraightInsertionSort.cpp; path = Sort/StraightInsertionSort.cpp; sourceTree = "<group>"; };
		F1D86FF31D70A38A0091E2F4 /* StraightInsertionSort.h */ = {isa = PBXFileReference; fileEncoding = 4; lastKnownFileType = sourcecode.c.h; name = StraightInsertionSort.h; path = Sort/StraightInsertionSort.h; sourceTree = "<group>"; };
/* End PBXFileReference section */

/* Begin PBXFrameworksBuildPhase section */
		F1834D551CBF4BED00BD3BA2 /* Frameworks */ = {
			isa = PBXFrameworksBuildPhase;
			buildActionMask = 2147483647;
			files = (
			);
			runOnlyForDeploymentPostprocessing = 0;
		};
/* End PBXFrameworksBuildPhase section */

/* Begin PBXGroup section */
		F1834D4F1CBF4BED00BD3BA2 = {
			isa = PBXGroup;
			children = (
				F1D86FE31D70A1EF0091E2F4 /* Solution */,
				F1834D621CBF4DC500BD3BA2 /* Sort */,
				F1834D5A1CBF4BED00BD3BA2 /* Test_Algorithm */,
				F1834D591CBF4BED00BD3BA2 /* Products */,
			);
			sourceTree = "<group>";
		};
		F1834D591CBF4BED00BD3BA2 /* Products */ = {
			isa = PBXGroup;
			children = (
				F1834D581CBF4BED00BD3BA2 /* Test_Algorithm */,
			);
			name = Products;
			sourceTree = "<group>";
		};
		F1834D5A1CBF4BED00BD3BA2 /* Test_Algorithm */ = {
			isa = PBXGroup;
			children = (
				F1834D5B1CBF4BED00BD3BA2 /* main.cpp */,
			);
			path = Test_Algorithm;
			sourceTree = "<group>";
		};
		F1834D621CBF4DC500BD3BA2 /* Sort */ = {
			isa = PBXGroup;
			children = (
				F1D86FEA1D70A38A0091E2F4 /* HeapSort.cpp */,
				F1D86FEB1D70A38A0091E2F4 /* HeapSort.h */,
				F1D86FEC1D70A38A0091E2F4 /* QuickSort.cpp */,
				F1D86FED1D70A38A0091E2F4 /* QuickSort.h */,
				F1D86FEE1D70A38A0091E2F4 /* ShellSort.cpp */,
				F1D86FEF1D70A38A0091E2F4 /* ShellSort.h */,
				F1D86FF01D70A38A0091E2F4 /* SimpleSelectionSort.cpp */,
				F1D86FF11D70A38A0091E2F4 /* SimpleSelectionSort.h */,
				F1D86FF21D70A38A0091E2F4 /* StraightInsertionSort.cpp */,
				F1D86FF31D70A38A0091E2F4 /* StraightInsertionSort.h */,
			);
			name = Sort;
			sourceTree = "<group>";
		};
		F1D86FE31D70A1EF0091E2F4 /* Solution */ = {
			isa = PBXGroup;
			children = (
				F1D86FE41D70A2250091E2F4 /* Solution.cpp */,
				F1D86FE51D70A2250091E2F4 /* Solution.h */,
			);
			name = Solution;
			sourceTree = "<group>";
		};
/* End PBXGroup section */

/* Begin PBXNativeTarget section */
		F1834D571CBF4BED00BD3BA2 /* Test_Algorithm */ = {
			isa = PBXNativeTarget;
			buildConfigurationList = F1834D5F1CBF4BED00BD3BA2 /* Build configuration list for PBXNativeTarget "Test_Algorithm" */;
			buildPhases = (
				F1834D541CBF4BED00BD3BA2 /* Sources */,
				F1834D551CBF4BED00BD3BA2 /* Frameworks */,
				F1834D561CBF4BED00BD3BA2 /* CopyFiles */,
			);
			buildRules = (
			);
			dependencies = (
			);
			name = Test_Algorithm;
			productName = Test_Algorithm;
			productReference = F1834D581CBF4BED00BD3BA2 /* Test_Algorithm */;
			productType = "com.apple.product-type.tool";
		};
/* End PBXNativeTarget section */

/* Begin PBXProject section */
		F1834D501CBF4BED00BD3BA2 /* Project object */ = {
			isa = PBXProject;
			attributes = {
				LastUpgradeCheck = 0700;
				ORGANIZATIONNAME = xuyi;
				TargetAttributes = {
					F1834D571CBF4BED00BD3BA2 = {
						CreatedOnToolsVersion = 7.0;
					};
				};
			};
			buildConfigurationList = F1834D531CBF4BED00BD3BA2 /* Build configuration list for PBXProject "Test_Algorithm" */;
			compatibilityVersion = "Xcode 3.2";
			developmentRegion = English;
			hasScannedForEncodings = 0;
			knownRegions = (
				en,
			);
			mainGroup = F1834D4F1CBF4BED00BD3BA2;
			productRefGroup = F1834D591CBF4BED00BD3BA2 /* Products */;
			projectDirPath = "";
			projectRoot = "";
			targets = (
				F1834D571CBF4BED00BD3BA2 /* Test_Algorithm */,
			);
		};
/* End PBXProject section */

/* Begin PBXSourcesBuildPhase section */
		F1834D541CBF4BED00BD3BA2 /* Sources */ = {
			isa = PBXSourcesBuildPhase;
			buildActionMask = 2147483647;
			files = (
				F1D86FF71D70A38A0091E2F4 /* SimpleSelectionSort.cpp in Sources */,
				F1D86FE61D70A2250091E2F4 /* Solution.cpp in Sources */,
				F1D86FF41D70A38A0091E2F4 /* HeapSort.cpp in Sources */,
				F1834D5C1CBF4BED00BD3BA2 /* main.cpp in Sources */,
				F1D86FF81D70A38A0091E2F4 /* StraightInsertionSort.cpp in Sources */,
				F1D86FF51D70A38A0091E2F4 /* QuickSort.cpp in Sources */,
				F1D86FF61D70A38A0091E2F4 /* ShellSort.cpp in Sources */,
			);
			runOnlyForDeploymentPostprocessing = 0;
		};
/* End PBXSourcesBuildPhase section */

/* Begin XCBuildConfiguration section */
		F1834D5D1CBF4BED00BD3BA2 /* Debug */ = {
			isa = XCBuildConfiguration;
			buildSettings = {
				ALWAYS_SEARCH_USER_PATHS = NO;
				CLANG_CXX_LANGUAGE_STANDARD = "gnu++0x";
				CLANG_CXX_LIBRARY = "libc++";
				CLANG_ENABLE_MODULES = YES;
				CLANG_ENABLE_OBJC_ARC = YES;
				CLANG_WARN_BOOL_CONVERSION = YES;
				CLANG_WARN_CONSTANT_CONVERSION = YES;
				CLANG_WARN_DIRECT_OBJC_ISA_USAGE = YES_ERROR;
				CLANG_WARN_EMPTY_BODY = YES;
				CLANG_WARN_ENUM_CONVERSION = YES;
				CLANG_WARN_INT_CONVERSION = YES;
				CLANG_WARN_OBJC_ROOT_CLASS = YES_ERROR;
				CLANG_WARN_UNREACHABLE_CODE = YES;
				CLANG_WARN__DUPLICATE_METHOD_MATCH = YES;
				COPY_PHASE_STRIP = NO;
				DEBUG_INFORMATION_FORMAT = dwarf;
				ENABLE_STRICT_OBJC_MSGSEND = YES;
				ENABLE_TESTABILITY = YES;
				GCC_C_LANGUAGE_STANDARD = gnu99;
				GCC_DYNAMIC_NO_PIC = NO;
				GCC_NO_COMMON_BLOCKS = YES;
				GCC_OPTIMIZATION_LEVEL = 0;
				GCC_PREPROCESSOR_DEFINITIONS = (
					"DEBUG=1",
					"$(inherited)",
				);
				GCC_WARN_64_TO_32_BIT_CONVERSION = YES;
				GCC_WARN_ABOUT_RETURN_TYPE = YES_ERROR;
				GCC_WARN_UNDECLARED_SELECTOR = YES;
				GCC_WARN_UNINITIALIZED_AUTOS = YES_AGGRESSIVE;
				GCC_WARN_UNUSED_FUNCTION = YES;
				GCC_WARN_UNUSED_VARIABLE = YES;
				MACOSX_DEPLOYMENT_TARGET = 10.10;
				MTL_ENABLE_DEBUG_INFO = YES;
				ONLY_ACTIVE_ARCH = YES;
				SDKROOT = macosx;
			};
			name = Debug;
		};
		F1834D5E1CBF4BED00BD3BA2 /* Release */ = {
			isa = XCBuildConfiguration;
			buildSettings = {
				ALWAYS_SEARCH_USER_PATHS = NO;
				CLANG_CXX_LANGUAGE_STANDARD = "gnu++0x";
				CLANG_CXX_LIBRARY = "libc++";
				CLANG_ENABLE_MODULES = YES;
				CLANG_ENABLE_OBJC_ARC = YES;
				CLANG_WARN_BOOL_CONVERSION = YES;
				CLANG_WARN_CONSTANT_CONVERSION = YES;
				CLANG_WARN_DIRECT_OBJC_ISA_USAGE = YES_ERROR;
				CLANG_WARN_EMPTY_BODY = YES;
				CLANG_WARN_ENUM_CONVERSION = YES;
				CLANG_WARN_INT_CONVERSION = YES;
				CLANG_WARN_OBJC_ROOT_CLASS = YES_ERROR;
				CLANG_WARN_UNREACHABLE_CODE = YES;
				CLANG_WARN__DUPLICATE_METHOD_MATCH = YES;
				COPY_PHASE_STRIP = NO;
				DEBUG_INFORMATION_FORMAT = "dwarf-with-dsym";
				ENABLE_NS_ASSERTIONS = NO;
				ENABLE_STRICT_OBJC_MSGSEND = YES;
				GCC_C_LANGUAGE_STANDARD = gnu99;
				GCC_NO_COMMON_BLOCKS = YES;
				GCC_WARN_64_TO_32_BIT_CONVERSION = YES;
				GCC_WARN_ABOUT_RETURN_TYPE = YES_ERROR;
				GCC_WARN_UNDECLARED_SELECTOR = YES;
				GCC_WARN_UNINITIALIZED_AUTOS = YES_AGGRESSIVE;
				GCC_WARN_UNUSED_FUNCTION = YES;
				GCC_WARN_UNUSED_VARIABLE = YES;
				MACOSX_DEPLOYMENT_TARGET = 10.10;
				MTL_ENABLE_DEBUG_INFO = NO;
				SDKROOT = macosx;
			};
			name = Release;
		};
		F1834D601CBF4BED00BD3BA2 /* Debug */ = {
			isa = XCBuildConfiguration;
			buildSettings = {
				PRODUCT_NAME = "$(TARGET_NAME)";
			};
			name = Debug;
		};
		F1834D611CBF4BED00BD3BA2 /* Release */ = {
			isa = XCBuildConfiguration;
			buildSettings = {
				PRODUCT_NAME = "$(TARGET_NAME)";
			};
			name = Release;
		};
/* End XCBuildConfiguration section */

/* Begin XCConfigurationList section */
		F1834D531CBF4BED00BD3BA2 /* Build configuration list for PBXProject "Test_Algorithm" */ = {
			isa = XCConfigurationList;
			buildConfigurations = (
				F1834D5D1CBF4BED00BD3BA2 /* Debug */,
				F1834D5E1CBF4BED00BD3BA2 /* Release */,
			);
			defaultConfigurationIsVisible = 0;
			defaultConfigurationName = Release;
		};
		F1834D5F1CBF4BED00BD3BA2 /* Build configuration list for PBXNativeTarget "Test_Algorithm" */ = {
			isa = XCConfigurationList;
			buildConfigurations = (
				F1834D601CBF4BED00BD3BA2 /* Debug */,
				F1834D611CBF4BED00BD3BA2 /* Release */,
			);
			defaultConfigurationIsVisible = 0;
			defaultConfigurationName = Release;
		};
/* End XCConfigurationList section */
	};
	rootObject = F1834D501CBF4BED00BD3BA2 /* Project object */;
}
